// !$*UTF8*$!
{
	archiveVersion = 1;
	classes = {
	};
	objectVersion = 46;
	objects = {

/* Begin PBXBuildFile section */
		BA5DD13919E6583200C2FF09 /* AppDelegate.swift in Sources */ = {isa = PBXBuildFile; fileRef = BA5DD13819E6583200C2FF09 /* AppDelegate.swift */; };
		BA5DD13B19E6583200C2FF09 /* ViewController.swift in Sources */ = {isa = PBXBuildFile; fileRef = BA5DD13A19E6583200C2FF09 /* ViewController.swift */; };
		BA5DD13E19E6583200C2FF09 /* Main.storyboard in Resources */ = {isa = PBXBuildFile; fileRef = BA5DD13C19E6583200C2FF09 /* Main.storyboard */; };
		BA5DD14019E6583200C2FF09 /* Images.xcassets in Resources */ = {isa = PBXBuildFile; fileRef = BA5DD13F19E6583200C2FF09 /* Images.xcassets */; };
		BA5DD14319E6583200C2FF09 /* LaunchScreen.xib in Resources */ = {isa = PBXBuildFile; fileRef = BA5DD14119E6583200C2FF09 /* LaunchScreen.xib */; };
		BA5DD14F19E6583200C2FF09 /* tumblr_mockupTests.swift in Sources */ = {isa = PBXBuildFile; fileRef = BA5DD14E19E6583200C2FF09 /* tumblr_mockupTests.swift */; };
		BA5DD15919E771FD00C2FF09 /* HomeViewController.swift in Sources */ = {isa = PBXBuildFile; fileRef = BA5DD15819E771FD00C2FF09 /* HomeViewController.swift */; };
		BA5DD15B19E774B000C2FF09 /* SearchViewController.swift in Sources */ = {isa = PBXBuildFile; fileRef = BA5DD15A19E774B000C2FF09 /* SearchViewController.swift */; };
		BA5DD15D19E78AFB00C2FF09 /* ComposeViewController.swift in Sources */ = {isa = PBXBuildFile; fileRef = BA5DD15C19E78AFB00C2FF09 /* ComposeViewController.swift */; };
		BA5DD15F19E78BBE00C2FF09 /* AccountViewController.swift in Sources */ = {isa = PBXBuildFile; fileRef = BA5DD15E19E78BBE00C2FF09 /* AccountViewController.swift */; };
		BA5DD16119E78BF900C2FF09 /* TrendingViewController.swift in Sources */ = {isa = PBXBuildFile; fileRef = BA5DD16019E78BF900C2FF09 /* TrendingViewController.swift */; };
		BAAD2A5619E7B3D800815DC8 /* LoginViewController.swift in Sources */ = {isa = PBXBuildFile; fileRef = BAAD2A5519E7B3D800815DC8 /* LoginViewController.swift */; };
/* End PBXBuildFile section */

/* Begin PBXContainerItemProxy section */
		BA5DD14919E6583200C2FF09 /* PBXContainerItemProxy */ = {
			isa = PBXContainerItemProxy;
			containerPortal = BA5DD12B19E6583200C2FF09 /* Project object */;
			proxyType = 1;
			remoteGlobalIDString = BA5DD13219E6583200C2FF09;
			remoteInfo = "tumblr-mockup";
		};
/* End PBXContainerItemProxy section */

/* Begin PBXFileReference section */
		BA5DD13319E6583200C2FF09 /* tumblr-mockup.app */ = {isa = PBXFileReference; explicitFileType = wrapper.application; includeInIndex = 0; path = "tumblr-mockup.app"; sourceTree = BUILT_PRODUCTS_DIR; };
		BA5DD13719E6583200C2FF09 /* Info.plist */ = {isa = PBXFileReference; lastKnownFileType = text.plist.xml; path = Info.plist; sourceTree = "<group>"; };
		BA5DD13819E6583200C2FF09 /* AppDelegate.swift */ = {isa = PBXFileReference; lastKnownFileType = sourcecode.swift; path = AppDelegate.swift; sourceTree = "<group>"; };
		BA5DD13A19E6583200C2FF09 /* ViewController.swift */ = {isa = PBXFileReference; lastKnownFileType = sourcecode.swift; path = ViewController.swift; sourceTree = "<group>"; };
		BA5DD13D19E6583200C2FF09 /* Base */ = {isa = PBXFileReference; lastKnownFileType = file.storyboard; name = Base; path = Base.lproj/Main.storyboard; sourceTree = "<group>"; };
		BA5DD13F19E6583200C2FF09 /* Images.xcassets */ = {isa = PBXFileReference; lastKnownFileType = folder.assetcatalog; path = Images.xcassets; sourceTree = "<group>"; };
		BA5DD14219E6583200C2FF09 /* Base */ = {isa = PBXFileReference; lastKnownFileType = file.xib; name = Base; path = Base.lproj/LaunchScreen.xib; sourceTree = "<group>"; };
		BA5DD14819E6583200C2FF09 /* tumblr-mockupTests.xctest */ = {isa = PBXFileReference; explicitFileType = wrapper.cfbundle; includeInIndex = 0; path = "tumblr-mockupTests.xctest"; sourceTree = BUILT_PRODUCTS_DIR; };
		BA5DD14D19E6583200C2FF09 /* Info.plist */ = {isa = PBXFileReference; lastKnownFileType = text.plist.xml; path = Info.plist; sourceTree = "<group>"; };
		BA5DD14E19E6583200C2FF09 /* tumblr_mockupTests.swift */ = {isa = PBXFileReference; lastKnownFileType = sourcecode.swift; path = tumblr_mockupTests.swift; sourceTree = "<group>"; };
		BA5DD15819E771FD00C2FF09 /* HomeViewController.swift */ = {isa = PBXFileReference; fileEncoding = 4; lastKnownFileType = sourcecode.swift; path = HomeViewController.swift; sourceTree = "<group>"; };
		BA5DD15A19E774B000C2FF09 /* SearchViewController.swift */ = {isa = PBXFileReference; fileEncoding = 4; lastKnownFileType = sourcecode.swift; path = SearchViewController.swift; sourceTree = "<group>"; };
		BA5DD15C19E78AFB00C2FF09 /* ComposeViewController.swift */ = {isa = PBXFileReference; fileEncoding = 4; lastKnownFileType = sourcecode.swift; path = ComposeViewController.swift; sourceTree = "<group>"; };
		BA5DD15E19E78BBE00C2FF09 /* AccountViewController.swift */ = {isa = PBXFileReference; fileEncoding = 4; lastKnownFileType = sourcecode.swift; path = AccountViewController.swift; sourceTree = "<group>"; };
		BA5DD16019E78BF900C2FF09 /* TrendingViewController.swift */ = {isa = PBXFileReference; fileEncoding = 4; lastKnownFileType = sourcecode.swift; path = TrendingViewController.swift; sourceTree = "<group>"; };
		BAAD2A5519E7B3D800815DC8 /* LoginViewController.swift */ = {isa = PBXFileReference; fileEncoding = 4; lastKnownFileType = sourcecode.swift; path = LoginViewController.swift; sourceTree = "<group>"; };
/* End PBXFileReference section */

/* Begin PBXFrameworksBuildPhase section */
		BA5DD13019E6583200C2FF09 /* Frameworks */ = {
			isa = PBXFrameworksBuildPhase;
			buildActionMask = 2147483647;
			files = (
			);
			runOnlyForDeploymentPostprocessing = 0;
		};
		BA5DD14519E6583200C2FF09 /* Frameworks */ = {
			isa = PBXFrameworksBuildPhase;
			buildActionMask = 2147483647;
			files = (
			);
			runOnlyForDeploymentPostprocessing = 0;
		};
/* End PBXFrameworksBuildPhase section */

/* Begin PBXGroup section */
		BA5DD12A19E6583200C2FF09 = {
			isa = PBXGroup;
			children = (
				BA5DD13519E6583200C2FF09 /* tumblr-mockup */,
				BA5DD14B19E6583200C2FF09 /* tumblr-mockupTests */,
				BA5DD13419E6583200C2FF09 /* Products */,
			);
			sourceTree = "<group>";
		};
		BA5DD13419E6583200C2FF09 /* Products */ = {
			isa = PBXGroup;
			children = (
				BA5DD13319E6583200C2FF09 /* tumblr-mockup.app */,
				BA5DD14819E6583200C2FF09 /* tumblr-mockupTests.xctest */,
			);
			name = Products;
			sourceTree = "<group>";
		};
		BA5DD13519E6583200C2FF09 /* tumblr-mockup */ = {
			isa = PBXGroup;
			children = (
				BA5DD13819E6583200C2FF09 /* AppDelegate.swift */,
				BA5DD13A19E6583200C2FF09 /* ViewController.swift */,
				BA5DD13C19E6583200C2FF09 /* Main.storyboard */,
				BAAD2A5519E7B3D800815DC8 /* LoginViewController.swift */,
				BA5DD16019E78BF900C2FF09 /* TrendingViewController.swift */,
				BA5DD15E19E78BBE00C2FF09 /* AccountViewController.swift */,
				BA5DD15C19E78AFB00C2FF09 /* ComposeViewController.swift */,
				BA5DD15A19E774B000C2FF09 /* SearchViewController.swift */,
				BA5DD15819E771FD00C2FF09 /* HomeViewController.swift */,
				BA5DD13F19E6583200C2FF09 /* Images.xcassets */,
				BA5DD14119E6583200C2FF09 /* LaunchScreen.xib */,
				BA5DD13619E6583200C2FF09 /* Supporting Files */,
			);
			path = "tumblr-mockup";
			sourceTree = "<group>";
		};
		BA5DD13619E6583200C2FF09 /* Supporting Files */ = {
			isa = PBXGroup;
			children = (
				BA5DD13719E6583200C2FF09 /* Info.plist */,
			);
			name = "Supporting Files";
			sourceTree = "<group>";
		};
		BA5DD14B19E6583200C2FF09 /* tumblr-mockupTests */ = {
			isa = PBXGroup;
			children = (
				BA5DD14E19E6583200C2FF09 /* tumblr_mockupTests.swift */,
				BA5DD14C19E6583200C2FF09 /* Supporting Files */,
			);
			path = "tumblr-mockupTests";
			sourceTree = "<group>";
		};
		BA5DD14C19E6583200C2FF09 /* Supporting Files */ = {
			isa = PBXGroup;
			children = (
				BA5DD14D19E6583200C2FF09 /* Info.plist */,
			);
			name = "Supporting Files";
			sourceTree = "<group>";
		};
/* End PBXGroup section */

/* Begin PBXNativeTarget section */
		BA5DD13219E6583200C2FF09 /* tumblr-mockup */ = {
			isa = PBXNativeTarget;
			buildConfigurationList = BA5DD15219E6583200C2FF09 /* Build configuration list for PBXNativeTarget "tumblr-mockup" */;
			buildPhases = (
				BA5DD12F19E6583200C2FF09 /* Sources */,
				BA5DD13019E6583200C2FF09 /* Frameworks */,
				BA5DD13119E6583200C2FF09 /* Resources */,
			);
			buildRules = (
			);
			dependencies = (
			);
			name = "tumblr-mockup";
			productName = "tumblr-mockup";
			productReference = BA5DD13319E6583200C2FF09 /* tumblr-mockup.app */;
			productType = "com.apple.product-type.application";
		};
		BA5DD14719E6583200C2FF09 /* tumblr-mockupTests */ = {
			isa = PBXNativeTarget;
			buildConfigurationList = BA5DD15519E6583200C2FF09 /* Build configuration list for PBXNativeTarget "tumblr-mockupTests" */;
			buildPhases = (
				BA5DD14419E6583200C2FF09 /* Sources */,
				BA5DD14519E6583200C2FF09 /* Frameworks */,
				BA5DD14619E6583200C2FF09 /* Resources */,
			);
			buildRules = (
			);
			dependencies = (
				BA5DD14A19E6583200C2FF09 /* PBXTargetDependency */,
			);
			name = "tumblr-mockupTests";
			productName = "tumblr-mockupTests";
			productReference = BA5DD14819E6583200C2FF09 /* tumblr-mockupTests.xctest */;
			productType = "com.apple.product-type.bundle.unit-test";
		};
/* End PBXNativeTarget section */

/* Begin PBXProject section */
		BA5DD12B19E6583200C2FF09 /* Project object */ = {
			isa = PBXProject;
			attributes = {
				LastUpgradeCheck = 0600;
				ORGANIZATIONNAME = "Henry Freel";
				TargetAttributes = {
					BA5DD13219E6583200C2FF09 = {
						CreatedOnToolsVersion = 6.0;
					};
					BA5DD14719E6583200C2FF09 = {
						CreatedOnToolsVersion = 6.0;
						TestTargetID = BA5DD13219E6583200C2FF09;
					};
				};
			};
			buildConfigurationList = BA5DD12E19E6583200C2FF09 /* Build configuration list for PBXProject "tumblr-mockup" */;
			compatibilityVersion = "Xcode 3.2";
			developmentRegion = English;
			hasScannedForEncodings = 0;
			knownRegions = (
				en,
				Base,
			);
			mainGroup = BA5DD12A19E6583200C2FF09;
			productRefGroup = BA5DD13419E6583200C2FF09 /* Products */;
			projectDirPath = "";
			projectRoot = "";
			targets = (
				BA5DD13219E6583200C2FF09 /* tumblr-mockup */,
				BA5DD14719E6583200C2FF09 /* tumblr-mockupTests */,
			);
		};
/* End PBXProject section */

/* Begin PBXResourcesBuildPhase section */
		BA5DD13119E6583200C2FF09 /* Resources */ = {
			isa = PBXResourcesBuildPhase;
			buildActionMask = 2147483647;
			files = (
				BA5DD13E19E6583200C2FF09 /* Main.storyboard in Resources */,
				BA5DD14319E6583200C2FF09 /* LaunchScreen.xib in Resources */,
				BA5DD14019E6583200C2FF09 /* Images.xcassets in Resources */,
			);
			runOnlyForDeploymentPostprocessing = 0;
		};
		BA5DD14619E6583200C2FF09 /* Resources */ = {
			isa = PBXResourcesBuildPhase;
			buildActionMask = 2147483647;
			files = (
			);
			runOnlyForDeploymentPostprocessing = 0;
		};
/* End PBXResourcesBuildPhase section */

/* Begin PBXSourcesBuildPhase section */
		BA5DD12F19E6583200C2FF09 /* Sources */ = {
			isa = PBXSourcesBuildPhase;
			buildActionMask = 2147483647;
			files = (
				BA5DD16119E78BF900C2FF09 /* TrendingViewController.swift in Sources */,
				BA5DD15D19E78AFB00C2FF09 /* ComposeViewController.swift in Sources */,
				BA5DD13B19E6583200C2FF09 /* ViewController.swift in Sources */,
				BA5DD15F19E78BBE00C2FF09 /* AccountViewController.swift in Sources */,
				BAAD2A5619E7B3D800815DC8 /* LoginViewController.swift in Sources */,
				BA5DD13919E6583200C2FF09 /* AppDelegate.swift in Sources */,
				BA5DD15B19E774B000C2FF09 /* SearchViewController.swift in Sources */,
				BA5DD15919E771FD00C2FF09 /* HomeViewController.swift in Sources */,
			);
			runOnlyForDeploymentPostprocessing = 0;
		};
		BA5DD14419E6583200C2FF09 /* Sources */ = {
			isa = PBXSourcesBuildPhase;
			buildActionMask = 2147483647;
			files = (
				BA5DD14F19E6583200C2FF09 /* tumblr_mockupTests.swift in Sources */,
			);
			runOnlyForDeploymentPostprocessing = 0;
		};
/* End PBXSourcesBuildPhase section */

/* Begin PBXTargetDependency section */
		BA5DD14A19E6583200C2FF09 /* PBXTargetDependency */ = {
			isa = PBXTargetDependency;
			target = BA5DD13219E6583200C2FF09 /* tumblr-mockup */;
			targetProxy = BA5DD14919E6583200C2FF09 /* PBXContainerItemProxy */;
		};
/* End PBXTargetDependency section */

/* Begin PBXVariantGroup section */
		BA5DD13C19E6583200C2FF09 /* Main.storyboard */ = {
			isa = PBXVariantGroup;
			children = (
				BA5DD13D19E6583200C2FF09 /* Base */,
			);
			name = Main.storyboard;
			sourceTree = "<group>";
		};
		BA5DD14119E6583200C2FF09 /* LaunchScreen.xib */ = {
			isa = PBXVariantGroup;
			children = (
				BA5DD14219E6583200C2FF09 /* Base */,
			);
			name = LaunchScreen.xib;
			sourceTree = "<group>";
		};
/* End PBXVariantGroup section */

/* Begin XCBuildConfiguration section */
		BA5DD15019E6583200C2FF09 /* Debug */ = {
			isa = XCBuildConfiguration;
			buildSettings = {
				ALWAYS_SEARCH_USER_PATHS = NO;
				CLANG_CXX_LANGUAGE_STANDARD = "gnu++0x";
				CLANG_CXX_LIBRARY = "libc++";
				CLANG_ENABLE_MODULES = YES;
				CLANG_ENABLE_OBJC_ARC = YES;
				CLANG_WARN_BOOL_CONVERSION = YES;
				CLANG_WARN_CONSTANT_CONVERSION = YES;
				CLANG_WARN_DIRECT_OBJC_ISA_USAGE = YES_ERROR;
				CLANG_WARN_EMPTY_BODY = YES;
				CLANG_WARN_ENUM_CONVERSION = YES;
				CLANG_WARN_INT_CONVERSION = YES;
				CLANG_WARN_OBJC_ROOT_CLASS = YES_ERROR;
				CLANG_WARN_UNREACHABLE_CODE = YES;
				CLANG_WARN__DUPLICATE_METHOD_MATCH = YES;
				"CODE_SIGN_IDENTITY[sdk=iphoneos*]" = "iPhone Developer";
				COPY_PHASE_STRIP = NO;
				ENABLE_STRICT_OBJC_MSGSEND = YES;
				GCC_C_LANGUAGE_STANDARD = gnu99;
				GCC_DYNAMIC_NO_PIC = NO;
				GCC_OPTIMIZATION_LEVEL = 0;
				GCC_PREPROCESSOR_DEFINITIONS = (
					"DEBUG=1",
					"$(inherited)",
				);
				GCC_SYMBOLS_PRIVATE_EXTERN = NO;
				GCC_WARN_64_TO_32_BIT_CONVERSION = YES;
				GCC_WARN_ABOUT_RETURN_TYPE = YES_ERROR;
				GCC_WARN_UNDECLARED_SELECTOR = YES;
				GCC_WARN_UNINITIALIZED_AUTOS = YES_AGGRESSIVE;
				GCC_WARN_UNUSED_FUNCTION = YES;
				GCC_WARN_UNUSED_VARIABLE = YES;
				IPHONEOS_DEPLOYMENT_TARGET = 8.0;
				MTL_ENABLE_DEBUG_INFO = YES;
				ONLY_ACTIVE_ARCH = YES;
				SDKROOT = iphoneos;
				SWIFT_OPTIMIZATION_LEVEL = "-Onone";
			};
			name = Debug;
		};
		BA5DD15119E6583200C2FF09 /* Release */ = {
			isa = XCBuildConfiguration;
			buildSettings = {
				ALWAYS_SEARCH_USER_PATHS = NO;
				CLANG_CXX_LANGUAGE_STANDARD = "gnu++0x";
				CLANG_CXX_LIBRARY = "libc++";
				CLANG_ENABLE_MODULES = YES;
				CLANG_ENABLE_OBJC_ARC = YES;
				CLANG_WARN_BOOL_CONVERSION = YES;
				CLANG_WARN_CONSTANT_CONVERSION = YES;
				CLANG_WARN_DIRECT_OBJC_ISA_USAGE = YES_ERROR;
				CLANG_WARN_EMPTY_BODY = YES;
				CLANG_WARN_ENUM_CONVERSION = YES;
				CLANG_WARN_INT_CONVERSION = YES;
				CLANG_WARN_OBJC_ROOT_CLASS = YES_ERROR;
				CLANG_WARN_UNREACHABLE_CODE = YES;
				CLANG_WARN__DUPLICATE_METHOD_MATCH = YES;
				"CODE_SIGN_IDENTITY[sdk=iphoneos*]" = "iPhone Developer";
				COPY_PHASE_STRIP = YES;
				ENABLE_NS_ASSERTIONS = NO;
				ENABLE_STRICT_OBJC_MSGSEND = YES;
				GCC_C_LANGUAGE_STANDARD = gnu99;
				GCC_WARN_64_TO_32_BIT_CONVERSION = YES;
				GCC_WARN_ABOUT_RETURN_TYPE = YES_ERROR;
				GCC_WARN_UNDECLARED_SELECTOR = YES;
				GCC_WARN_UNINITIALIZED_AUTOS = YES_AGGRESSIVE;
				GCC_WARN_UNUSED_FUNCTION = YES;
				GCC_WARN_UNUSED_VARIABLE = YES;
				IPHONEOS_DEPLOYMENT_TARGET = 8.0;
				MTL_ENABLE_DEBUG_INFO = NO;
				SDKROOT = iphoneos;
				VALIDATE_PRODUCT = YES;
			};
			name = Release;
		};
		BA5DD15319E6583200C2FF09 /* Debug */ = {
			isa = XCBuildConfiguration;
			buildSettings = {
				ASSETCATALOG_COMPILER_APPICON_NAME = AppIcon;
				INFOPLIST_FILE = "tumblr-mockup/Info.plist";
				LD_RUNPATH_SEARCH_PATHS = "$(inherited) @executable_path/Frameworks";
				PRODUCT_NAME = "$(TARGET_NAME)";
			};
			name = Debug;
		};
		BA5DD15419E6583200C2FF09 /* Release */ = {
			isa = XCBuildConfiguration;
			buildSettings = {
				ASSETCATALOG_COMPILER_APPICON_NAME = AppIcon;
				INFOPLIST_FILE = "tumblr-mockup/Info.plist";
				LD_RUNPATH_SEARCH_PATHS = "$(inherited) @executable_path/Frameworks";
				PRODUCT_NAME = "$(TARGET_NAME)";
			};
			name = Release;
		};
		BA5DD15619E6583200C2FF09 /* Debug */ = {
			isa = XCBuildConfiguration;
			buildSettings = {
				BUNDLE_LOADER = "$(TEST_HOST)";
				FRAMEWORK_SEARCH_PATHS = (
					"$(SDKROOT)/Developer/Library/Frameworks",
					"$(inherited)",
				);
				GCC_PREPROCESSOR_DEFINITIONS = (
					"DEBUG=1",
					"$(inherited)",
				);
				INFOPLIST_FILE = "tumblr-mockupTests/Info.plist";
				LD_RUNPATH_SEARCH_PATHS = "$(inherited) @executable_path/Frameworks @loader_path/Frameworks";
				PRODUCT_NAME = "$(TARGET_NAME)";
				TEST_HOST = "$(BUILT_PRODUCTS_DIR)/tumblr-mockup.app/tumblr-mockup";
			};
			name = Debug;
		};
		BA5DD15719E6583200C2FF09 /* Release */ = {
			isa = XCBuildConfiguration;
			buildSettings = {
				BUNDLE_LOADER = "$(TEST_HOST)";
				FRAMEWORK_SEARCH_PATHS = (
					"$(SDKROOT)/Developer/Library/Frameworks",
					"$(inherited)",
				);
				INFOPLIST_FILE = "tumblr-mockupTests/Info.plist";
				LD_RUNPATH_SEARCH_PATHS = "$(inherited) @executable_path/Frameworks @loader_path/Frameworks";
				PRODUCT_NAME = "$(TARGET_NAME)";
				TEST_HOST = "$(BUILT_PRODUCTS_DIR)/tumblr-mockup.app/tumblr-mockup";
			};
			name = Release;
		};
/* End XCBuildConfiguration section */

/* Begin XCConfigurationList section */
		BA5DD12E19E6583200C2FF09 /* Build configuration list for PBXProject "tumblr-mockup" */ = {
			isa = XCConfigurationList;
			buildConfigurations = (
				BA5DD15019E6583200C2FF09 /* Debug */,
				BA5DD15119E6583200C2FF09 /* Release */,
			);
			defaultConfigurationIsVisible = 0;
			defaultConfigurationName = Release;
		};
		BA5DD15219E6583200C2FF09 /* Build configuration list for PBXNativeTarget "tumblr-mockup" */ = {
			isa = XCConfigurationList;
			buildConfigurations = (
				BA5DD15319E6583200C2FF09 /* Debug */,
				BA5DD15419E6583200C2FF09 /* Release */,
			);
			defaultConfigurationIsVisible = 0;
			defaultConfigurationName = Release;
		};
		BA5DD15519E6583200C2FF09 /* Build configuration list for PBXNativeTarget "tumblr-mockupTests" */ = {
			isa = XCConfigurationList;
			buildConfigurations = (
				BA5DD15619E6583200C2FF09 /* Debug */,
				BA5DD15719E6583200C2FF09 /* Release */,
			);
			defaultConfigurationIsVisible = 0;
			defaultConfigurationName = Release;
		};
/* End XCConfigurationList section */
	};
	rootObject = BA5DD12B19E6583200C2FF09 /* Project object */;
}
